// !$*UTF8*$!
{
	archiveVersion = 1;
	classes = {
	};
	objectVersion = 46;
	objects = {

/* Begin PBXBuildFile section */
		3DAEE0171BD0AD0F00A427FE /* AppDelegate.swift in Sources */ = {isa = PBXBuildFile; fileRef = 3DAEE0161BD0AD0F00A427FE /* AppDelegate.swift */; };
		3DAEE0191BD0AD0F00A427FE /* ViewController.swift in Sources */ = {isa = PBXBuildFile; fileRef = 3DAEE0181BD0AD0F00A427FE /* ViewController.swift */; };
		3DAEE01C1BD0AD0F00A427FE /* Main.storyboard in Resources */ = {isa = PBXBuildFile; fileRef = 3DAEE01A1BD0AD0F00A427FE /* Main.storyboard */; };
		3DAEE01F1BD0AD1000A427FE /* UdemyIOS9COREDATA.xcdatamodeld in Sources */ = {isa = PBXBuildFile; fileRef = 3DAEE01D1BD0AD1000A427FE /* UdemyIOS9COREDATA.xcdatamodeld */; };
		3DAEE0211BD0AD1000A427FE /* Assets.xcassets in Resources */ = {isa = PBXBuildFile; fileRef = 3DAEE0201BD0AD1000A427FE /* Assets.xcassets */; };
		3DAEE0241BD0AD1000A427FE /* LaunchScreen.storyboard in Resources */ = {isa = PBXBuildFile; fileRef = 3DAEE0221BD0AD1000A427FE /* LaunchScreen.storyboard */; };
		3DAEE02F1BD0AD1100A427FE /* UdemyIOS9COREDATATests.swift in Sources */ = {isa = PBXBuildFile; fileRef = 3DAEE02E1BD0AD1100A427FE /* UdemyIOS9COREDATATests.swift */; };
		3DAEE03A1BD0AD1200A427FE /* UdemyIOS9COREDATAUITests.swift in Sources */ = {isa = PBXBuildFile; fileRef = 3DAEE0391BD0AD1200A427FE /* UdemyIOS9COREDATAUITests.swift */; };
		3DAEE04C1BD0B7C900A427FE /* ContactTableViewController.swift in Sources */ = {isa = PBXBuildFile; fileRef = 3DAEE04B1BD0B7C900A427FE /* ContactTableViewController.swift */; };
		3DAEE04E1BD18B4A00A427FE /* NewContactViewController.swift in Sources */ = {isa = PBXBuildFile; fileRef = 3DAEE04D1BD18B4A00A427FE /* NewContactViewController.swift */; };
		3DAEE0501BD1900900A427FE /* SearchViewController.swift in Sources */ = {isa = PBXBuildFile; fileRef = 3DAEE04F1BD1900900A427FE /* SearchViewController.swift */; };
		3DAEE0521BD1901C00A427FE /* SearchTableViewCell.swift in Sources */ = {isa = PBXBuildFile; fileRef = 3DAEE0511BD1901C00A427FE /* SearchTableViewCell.swift */; };
/* End PBXBuildFile section */

/* Begin PBXContainerItemProxy section */
		3DAEE02B1BD0AD1100A427FE /* PBXContainerItemProxy */ = {
			isa = PBXContainerItemProxy;
			containerPortal = 3DAEE00B1BD0AD0E00A427FE /* Project object */;
			proxyType = 1;
			remoteGlobalIDString = 3DAEE0121BD0AD0F00A427FE;
			remoteInfo = UdemyIOS9COREDATA;
		};
		3DAEE0361BD0AD1200A427FE /* PBXContainerItemProxy */ = {
			isa = PBXContainerItemProxy;
			containerPortal = 3DAEE00B1BD0AD0E00A427FE /* Project object */;
			proxyType = 1;
			remoteGlobalIDString = 3DAEE0121BD0AD0F00A427FE;
			remoteInfo = UdemyIOS9COREDATA;
		};
/* End PBXContainerItemProxy section */

/* Begin PBXFileReference section */
		3DAEE0131BD0AD0F00A427FE /* UdemyIOS9COREDATA.app */ = {isa = PBXFileReference; explicitFileType = wrapper.application; includeInIndex = 0; path = UdemyIOS9COREDATA.app; sourceTree = BUILT_PRODUCTS_DIR; };
		3DAEE0161BD0AD0F00A427FE /* AppDelegate.swift */ = {isa = PBXFileReference; lastKnownFileType = sourcecode.swift; path = AppDelegate.swift; sourceTree = "<group>"; };
		3DAEE0181BD0AD0F00A427FE /* ViewController.swift */ = {isa = PBXFileReference; lastKnownFileType = sourcecode.swift; path = ViewController.swift; sourceTree = "<group>"; };
		3DAEE01B1BD0AD0F00A427FE /* Base */ = {isa = PBXFileReference; lastKnownFileType = file.storyboard; name = Base; path = Base.lproj/Main.storyboard; sourceTree = "<group>"; };
		3DAEE01E1BD0AD1000A427FE /* UdemyIOS9COREDATA.xcdatamodel */ = {isa = PBXFileReference; lastKnownFileType = wrapper.xcdatamodel; path = UdemyIOS9COREDATA.xcdatamodel; sourceTree = "<group>"; };
		3DAEE0201BD0AD1000A427FE /* Assets.xcassets */ = {isa = PBXFileReference; lastKnownFileType = folder.assetcatalog; path = Assets.xcassets; sourceTree = "<group>"; };
		3DAEE0231BD0AD1000A427FE /* Base */ = {isa = PBXFileReference; lastKnownFileType = file.storyboard; name = Base; path = Base.lproj/LaunchScreen.storyboard; sourceTree = "<group>"; };
		3DAEE0251BD0AD1000A427FE /* Info.plist */ = {isa = PBXFileReference; lastKnownFileType = text.plist.xml; path = Info.plist; sourceTree = "<group>"; };
		3DAEE02A1BD0AD1100A427FE /* UdemyIOS9COREDATATests.xctest */ = {isa = PBXFileReference; explicitFileType = wrapper.cfbundle; includeInIndex = 0; path = UdemyIOS9COREDATATests.xctest; sourceTree = BUILT_PRODUCTS_DIR; };
		3DAEE02E1BD0AD1100A427FE /* UdemyIOS9COREDATATests.swift */ = {isa = PBXFileReference; lastKnownFileType = sourcecode.swift; path = UdemyIOS9COREDATATests.swift; sourceTree = "<group>"; };
		3DAEE0301BD0AD1200A427FE /* Info.plist */ = {isa = PBXFileReference; lastKnownFileType = text.plist.xml; path = Info.plist; sourceTree = "<group>"; };
		3DAEE0351BD0AD1200A427FE /* UdemyIOS9COREDATAUITests.xctest */ = {isa = PBXFileReference; explicitFileType = wrapper.cfbundle; includeInIndex = 0; path = UdemyIOS9COREDATAUITests.xctest; sourceTree = BUILT_PRODUCTS_DIR; };
		3DAEE0391BD0AD1200A427FE /* UdemyIOS9COREDATAUITests.swift */ = {isa = PBXFileReference; lastKnownFileType = sourcecode.swift; path = UdemyIOS9COREDATAUITests.swift; sourceTree = "<group>"; };
		3DAEE03B1BD0AD1200A427FE /* Info.plist */ = {isa = PBXFileReference; lastKnownFileType = text.plist.xml; path = Info.plist; sourceTree = "<group>"; };
		3DAEE04B1BD0B7C900A427FE /* ContactTableViewController.swift */ = {isa = PBXFileReference; fileEncoding = 4; lastKnownFileType = sourcecode.swift; path = ContactTableViewController.swift; sourceTree = "<group>"; };
		3DAEE04D1BD18B4A00A427FE /* NewContactViewController.swift */ = {isa = PBXFileReference; fileEncoding = 4; lastKnownFileType = sourcecode.swift; path = NewContactViewController.swift; sourceTree = "<group>"; };
		3DAEE04F1BD1900900A427FE /* SearchViewController.swift */ = {isa = PBXFileReference; fileEncoding = 4; lastKnownFileType = sourcecode.swift; path = SearchViewController.swift; sourceTree = "<group>"; };
		3DAEE0511BD1901C00A427FE /* SearchTableViewCell.swift */ = {isa = PBXFileReference; fileEncoding = 4; lastKnownFileType = sourcecode.swift; path = SearchTableViewCell.swift; sourceTree = "<group>"; };
/* End PBXFileReference section */

/* Begin PBXFrameworksBuildPhase section */
		3DAEE0101BD0AD0F00A427FE /* Frameworks */ = {
			isa = PBXFrameworksBuildPhase;
			buildActionMask = 2147483647;
			files = (
			);
			runOnlyForDeploymentPostprocessing = 0;
		};
		3DAEE0271BD0AD1100A427FE /* Frameworks */ = {
			isa = PBXFrameworksBuildPhase;
			buildActionMask = 2147483647;
			files = (
			);
			runOnlyForDeploymentPostprocessing = 0;
		};
		3DAEE0321BD0AD1200A427FE /* Frameworks */ = {
			isa = PBXFrameworksBuildPhase;
			buildActionMask = 2147483647;
			files = (
			);
			runOnlyForDeploymentPostprocessing = 0;
		};
/* End PBXFrameworksBuildPhase section */

/* Begin PBXGroup section */
		3DAEE00A1BD0AD0E00A427FE = {
			isa = PBXGroup;
			children = (
				3DAEE0151BD0AD0F00A427FE /* UdemyIOS9COREDATA */,
				3DAEE02D1BD0AD1100A427FE /* UdemyIOS9COREDATATests */,
				3DAEE0381BD0AD1200A427FE /* UdemyIOS9COREDATAUITests */,
				3DAEE0141BD0AD0F00A427FE /* Products */,
			);
			sourceTree = "<group>";
		};
		3DAEE0141BD0AD0F00A427FE /* Products */ = {
			isa = PBXGroup;
			children = (
				3DAEE0131BD0AD0F00A427FE /* UdemyIOS9COREDATA.app */,
				3DAEE02A1BD0AD1100A427FE /* UdemyIOS9COREDATATests.xctest */,
				3DAEE0351BD0AD1200A427FE /* UdemyIOS9COREDATAUITests.xctest */,
			);
			name = Products;
			sourceTree = "<group>";
		};
		3DAEE0151BD0AD0F00A427FE /* UdemyIOS9COREDATA */ = {
			isa = PBXGroup;
			children = (
				3DAEE01A1BD0AD0F00A427FE /* Main.storyboard */,
				3DAEE04D1BD18B4A00A427FE /* NewContactViewController.swift */,
				3DAEE04F1BD1900900A427FE /* SearchViewController.swift */,
				3DAEE0511BD1901C00A427FE /* SearchTableViewCell.swift */,
				3DAEE04B1BD0B7C900A427FE /* ContactTableViewController.swift */,
				3DAEE0161BD0AD0F00A427FE /* AppDelegate.swift */,
				3DAEE0181BD0AD0F00A427FE /* ViewController.swift */,
				3DAEE0201BD0AD1000A427FE /* Assets.xcassets */,
				3DAEE0221BD0AD1000A427FE /* LaunchScreen.storyboard */,
				3DAEE0251BD0AD1000A427FE /* Info.plist */,
				3DAEE01D1BD0AD1000A427FE /* UdemyIOS9COREDATA.xcdatamodeld */,
			);
			path = UdemyIOS9COREDATA;
			sourceTree = "<group>";
		};
		3DAEE02D1BD0AD1100A427FE /* UdemyIOS9COREDATATests */ = {
			isa = PBXGroup;
			children = (
				3DAEE02E1BD0AD1100A427FE /* UdemyIOS9COREDATATests.swift */,
				3DAEE0301BD0AD1200A427FE /* Info.plist */,
			);
			path = UdemyIOS9COREDATATests;
			sourceTree = "<group>";
		};
		3DAEE0381BD0AD1200A427FE /* UdemyIOS9COREDATAUITests */ = {
			isa = PBXGroup;
			children = (
				3DAEE0391BD0AD1200A427FE /* UdemyIOS9COREDATAUITests.swift */,
				3DAEE03B1BD0AD1200A427FE /* Info.plist */,
			);
			path = UdemyIOS9COREDATAUITests;
			sourceTree = "<group>";
		};
/* End PBXGroup section */

/* Begin PBXNativeTarget section */
		3DAEE0121BD0AD0F00A427FE /* UdemyIOS9COREDATA */ = {
			isa = PBXNativeTarget;
			buildConfigurationList = 3DAEE03E1BD0AD1200A427FE /* Build configuration list for PBXNativeTarget "UdemyIOS9COREDATA" */;
			buildPhases = (
				3DAEE00F1BD0AD0F00A427FE /* Sources */,
				3DAEE0101BD0AD0F00A427FE /* Frameworks */,
				3DAEE0111BD0AD0F00A427FE /* Resources */,
			);
			buildRules = (
			);
			dependencies = (
			);
			name = UdemyIOS9COREDATA;
			productName = UdemyIOS9COREDATA;
			productReference = 3DAEE0131BD0AD0F00A427FE /* UdemyIOS9COREDATA.app */;
			productType = "com.apple.product-type.application";
		};
		3DAEE0291BD0AD1100A427FE /* UdemyIOS9COREDATATests */ = {
			isa = PBXNativeTarget;
			buildConfigurationList = 3DAEE0411BD0AD1200A427FE /* Build configuration list for PBXNativeTarget "UdemyIOS9COREDATATests" */;
			buildPhases = (
				3DAEE0261BD0AD1100A427FE /* Sources */,
				3DAEE0271BD0AD1100A427FE /* Frameworks */,
				3DAEE0281BD0AD1100A427FE /* Resources */,
			);
			buildRules = (
			);
			dependencies = (
				3DAEE02C1BD0AD1100A427FE /* PBXTargetDependency */,
			);
			name = UdemyIOS9COREDATATests;
			productName = UdemyIOS9COREDATATests;
			productReference = 3DAEE02A1BD0AD1100A427FE /* UdemyIOS9COREDATATests.xctest */;
			productType = "com.apple.product-type.bundle.unit-test";
		};
		3DAEE0341BD0AD1200A427FE /* UdemyIOS9COREDATAUITests */ = {
			isa = PBXNativeTarget;
			buildConfigurationList = 3DAEE0441BD0AD1200A427FE /* Build configuration list for PBXNativeTarget "UdemyIOS9COREDATAUITests" */;
			buildPhases = (
				3DAEE0311BD0AD1200A427FE /* Sources */,
				3DAEE0321BD0AD1200A427FE /* Frameworks */,
				3DAEE0331BD0AD1200A427FE /* Resources */,
			);
			buildRules = (
			);
			dependencies = (
				3DAEE0371BD0AD1200A427FE /* PBXTargetDependency */,
			);
			name = UdemyIOS9COREDATAUITests;
			productName = UdemyIOS9COREDATAUITests;
			productReference = 3DAEE0351BD0AD1200A427FE /* UdemyIOS9COREDATAUITests.xctest */;
			productType = "com.apple.product-type.bundle.ui-testing";
		};
/* End PBXNativeTarget section */

/* Begin PBXProject section */
		3DAEE00B1BD0AD0E00A427FE /* Project object */ = {
			isa = PBXProject;
			attributes = {
				LastUpgradeCheck = 0710;
				ORGANIZATIONNAME = "Cynthia Whitlatch";
				TargetAttributes = {
					3DAEE0121BD0AD0F00A427FE = {
						CreatedOnToolsVersion = 7.1;
					};
					3DAEE0291BD0AD1100A427FE = {
						CreatedOnToolsVersion = 7.1;
						TestTargetID = 3DAEE0121BD0AD0F00A427FE;
					};
					3DAEE0341BD0AD1200A427FE = {
						CreatedOnToolsVersion = 7.1;
						TestTargetID = 3DAEE0121BD0AD0F00A427FE;
					};
				};
			};
			buildConfigurationList = 3DAEE00E1BD0AD0E00A427FE /* Build configuration list for PBXProject "UdemyIOS9COREDATA" */;
			compatibilityVersion = "Xcode 3.2";
			developmentRegion = English;
			hasScannedForEncodings = 0;
			knownRegions = (
				en,
				Base,
			);
			mainGroup = 3DAEE00A1BD0AD0E00A427FE;
			productRefGroup = 3DAEE0141BD0AD0F00A427FE /* Products */;
			projectDirPath = "";
			projectRoot = "";
			targets = (
				3DAEE0121BD0AD0F00A427FE /* UdemyIOS9COREDATA */,
				3DAEE0291BD0AD1100A427FE /* UdemyIOS9COREDATATests */,
				3DAEE0341BD0AD1200A427FE /* UdemyIOS9COREDATAUITests */,
			);
		};
/* End PBXProject section */

/* Begin PBXResourcesBuildPhase section */
		3DAEE0111BD0AD0F00A427FE /* Resources */ = {
			isa = PBXResourcesBuildPhase;
			buildActionMask = 2147483647;
			files = (
				3DAEE0241BD0AD1000A427FE /* LaunchScreen.storyboard in Resources */,
				3DAEE0211BD0AD1000A427FE /* Assets.xcassets in Resources */,
				3DAEE01C1BD0AD0F00A427FE /* Main.storyboard in Resources */,
			);
			runOnlyForDeploymentPostprocessing = 0;
		};
		3DAEE0281BD0AD1100A427FE /* Resources */ = {
			isa = PBXResourcesBuildPhase;
			buildActionMask = 2147483647;
			files = (
			);
			runOnlyForDeploymentPostprocessing = 0;
		};
		3DAEE0331BD0AD1200A427FE /* Resources */ = {
			isa = PBXResourcesBuildPhase;
			buildActionMask = 2147483647;
			files = (
			);
			runOnlyForDeploymentPostprocessing = 0;
		};
/* End PBXResourcesBuildPhase section */

/* Begin PBXSourcesBuildPhase section */
		3DAEE00F1BD0AD0F00A427FE /* Sources */ = {
			isa = PBXSourcesBuildPhase;
			buildActionMask = 2147483647;
			files = (
				3DAEE0501BD1900900A427FE /* SearchViewController.swift in Sources */,
				3DAEE04C1BD0B7C900A427FE /* ContactTableViewController.swift in Sources */,
				3DAEE04E1BD18B4A00A427FE /* NewContactViewController.swift in Sources */,
				3DAEE0191BD0AD0F00A427FE /* ViewController.swift in Sources */,
				3DAEE01F1BD0AD1000A427FE /* UdemyIOS9COREDATA.xcdatamodeld in Sources */,
				3DAEE0171BD0AD0F00A427FE /* AppDelegate.swift in Sources */,
				3DAEE0521BD1901C00A427FE /* SearchTableViewCell.swift in Sources */,
			);
			runOnlyForDeploymentPostprocessing = 0;
		};
		3DAEE0261BD0AD1100A427FE /* Sources */ = {
			isa = PBXSourcesBuildPhase;
			buildActionMask = 2147483647;
			files = (
				3DAEE02F1BD0AD1100A427FE /* UdemyIOS9COREDATATests.swift in Sources */,
			);
			runOnlyForDeploymentPostprocessing = 0;
		};
		3DAEE0311BD0AD1200A427FE /* Sources */ = {
			isa = PBXSourcesBuildPhase;
			buildActionMask = 2147483647;
			files = (
				3DAEE03A1BD0AD1200A427FE /* UdemyIOS9COREDATAUITests.swift in Sources */,
			);
			runOnlyForDeploymentPostprocessing = 0;
		};
/* End PBXSourcesBuildPhase section */

/* Begin PBXTargetDependency section */
		3DAEE02C1BD0AD1100A427FE /* PBXTargetDependency */ = {
			isa = PBXTargetDependency;
			target = 3DAEE0121BD0AD0F00A427FE /* UdemyIOS9COREDATA */;
			targetProxy = 3DAEE02B1BD0AD1100A427FE /* PBXContainerItemProxy */;
		};
		3DAEE0371BD0AD1200A427FE /* PBXTargetDependency */ = {
			isa = PBXTargetDependency;
			target = 3DAEE0121BD0AD0F00A427FE /* UdemyIOS9COREDATA */;
			targetProxy = 3DAEE0361BD0AD1200A427FE /* PBXContainerItemProxy */;
		};
/* End PBXTargetDependency section */

/* Begin PBXVariantGroup section */
		3DAEE01A1BD0AD0F00A427FE /* Main.storyboard */ = {
			isa = PBXVariantGroup;
			children = (
				3DAEE01B1BD0AD0F00A427FE /* Base */,
			);
			name = Main.storyboard;
			sourceTree = "<group>";
		};
		3DAEE0221BD0AD1000A427FE /* LaunchScreen.storyboard */ = {
			isa = PBXVariantGroup;
			children = (
				3DAEE0231BD0AD1000A427FE /* Base */,
			);
			name = LaunchScreen.storyboard;
			sourceTree = "<group>";
		};
/* End PBXVariantGroup section */

/* Begin XCBuildConfiguration section */
		3DAEE03C1BD0AD1200A427FE /* Debug */ = {
			isa = XCBuildConfiguration;
			buildSettings = {
				ALWAYS_SEARCH_USER_PATHS = NO;
				CLANG_CXX_LANGUAGE_STANDARD = "gnu++0x";
				CLANG_CXX_LIBRARY = "libc++";
				CLANG_ENABLE_MODULES = YES;
				CLANG_ENABLE_OBJC_ARC = YES;
				CLANG_WARN_BOOL_CONVERSION = YES;
				CLANG_WARN_CONSTANT_CONVERSION = YES;
				CLANG_WARN_DIRECT_OBJC_ISA_USAGE = YES_ERROR;
				CLANG_WARN_EMPTY_BODY = YES;
				CLANG_WARN_ENUM_CONVERSION = YES;
				CLANG_WARN_INT_CONVERSION = YES;
				CLANG_WARN_OBJC_ROOT_CLASS = YES_ERROR;
				CLANG_WARN_UNREACHABLE_CODE = YES;
				CLANG_WARN__DUPLICATE_METHOD_MATCH = YES;
				"CODE_SIGN_IDENTITY[sdk=iphoneos*]" = "iPhone Developer";
				COPY_PHASE_STRIP = NO;
				DEBUG_INFORMATION_FORMAT = dwarf;
				ENABLE_STRICT_OBJC_MSGSEND = YES;
				ENABLE_TESTABILITY = YES;
				GCC_C_LANGUAGE_STANDARD = gnu99;
				GCC_DYNAMIC_NO_PIC = NO;
				GCC_NO_COMMON_BLOCKS = YES;
				GCC_OPTIMIZATION_LEVEL = 0;
				GCC_PREPROCESSOR_DEFINITIONS = (
					"DEBUG=1",
					"$(inherited)",
				);
				GCC_WARN_64_TO_32_BIT_CONVERSION = YES;
				GCC_WARN_ABOUT_RETURN_TYPE = YES_ERROR;
				GCC_WARN_UNDECLARED_SELECTOR = YES;
				GCC_WARN_UNINITIALIZED_AUTOS = YES_AGGRESSIVE;
				GCC_WARN_UNUSED_FUNCTION = YES;
				GCC_WARN_UNUSED_VARIABLE = YES;
				IPHONEOS_DEPLOYMENT_TARGET = 9.1;
				MTL_ENABLE_DEBUG_INFO = YES;
				ONLY_ACTIVE_ARCH = YES;
				SDKROOT = iphoneos;
				SWIFT_OPTIMIZATION_LEVEL = "-Onone";
			};
			name = Debug;
		};
		3DAEE03D1BD0AD1200A427FE /* Release */ = {
			isa = XCBuildConfiguration;
			buildSettings = {
				ALWAYS_SEARCH_USER_PATHS = NO;
				CLANG_CXX_LANGUAGE_STANDARD = "gnu++0x";
				CLANG_CXX_LIBRARY = "libc++";
				CLANG_ENABLE_MODULES = YES;
				CLANG_ENABLE_OBJC_ARC = YES;
				CLANG_WARN_BOOL_CONVERSION = YES;
				CLANG_WARN_CONSTANT_CONVERSION = YES;
				CLANG_WARN_DIRECT_OBJC_ISA_USAGE = YES_ERROR;
				CLANG_WARN_EMPTY_BODY = YES;
				CLANG_WARN_ENUM_CONVERSION = YES;
				CLANG_WARN_INT_CONVERSION = YES;
				CLANG_WARN_OBJC_ROOT_CLASS = YES_ERROR;
				CLANG_WARN_UNREACHABLE_CODE = YES;
				CLANG_WARN__DUPLICATE_METHOD_MATCH = YES;
				"CODE_SIGN_IDENTITY[sdk=iphoneos*]" = "iPhone Developer";
				COPY_PHASE_STRIP = NO;
				DEBUG_INFORMATION_FORMAT = "dwarf-with-dsym";
				ENABLE_NS_ASSERTIONS = NO;
				ENABLE_STRICT_OBJC_MSGSEND = YES;
				GCC_C_LANGUAGE_STANDARD = gnu99;
				GCC_NO_COMMON_BLOCKS = YES;
				GCC_WARN_64_TO_32_BIT_CONVERSION = YES;
				GCC_WARN_ABOUT_RETURN_TYPE = YES_ERROR;
				GCC_WARN_UNDECLARED_SELECTOR = YES;
				GCC_WARN_UNINITIALIZED_AUTOS = YES_AGGRESSIVE;
				GCC_WARN_UNUSED_FUNCTION = YES;
				GCC_WARN_UNUSED_VARIABLE = YES;
				IPHONEOS_DEPLOYMENT_TARGET = 9.1;
				MTL_ENABLE_DEBUG_INFO = NO;
				SDKROOT = iphoneos;
				VALIDATE_PRODUCT = YES;
			};
			name = Release;
		};
		3DAEE03F1BD0AD1200A427FE /* Debug */ = {
			isa = XCBuildConfiguration;
			buildSettings = {
				ASSETCATALOG_COMPILER_APPICON_NAME = AppIcon;
				INFOPLIST_FILE = UdemyIOS9COREDATA/Info.plist;
				LD_RUNPATH_SEARCH_PATHS = "$(inherited) @executable_path/Frameworks";
				PRODUCT_BUNDLE_IDENTIFIER = com.cynthia.UdemyIOS9COREDATA;
				PRODUCT_NAME = "$(TARGET_NAME)";
			};
			name = Debug;
		};
		3DAEE0401BD0AD1200A427FE /* Release */ = {
			isa = XCBuildConfiguration;
			buildSettings = {
				ASSETCATALOG_COMPILER_APPICON_NAME = AppIcon;
				INFOPLIST_FILE = UdemyIOS9COREDATA/Info.plist;
				LD_RUNPATH_SEARCH_PATHS = "$(inherited) @executable_path/Frameworks";
				PRODUCT_BUNDLE_IDENTIFIER = com.cynthia.UdemyIOS9COREDATA;
				PRODUCT_NAME = "$(TARGET_NAME)";
			};
			name = Release;
		};
		3DAEE0421BD0AD1200A427FE /* Debug */ = {
			isa = XCBuildConfiguration;
			buildSettings = {
				BUNDLE_LOADER = "$(TEST_HOST)";
				INFOPLIST_FILE = UdemyIOS9COREDATATests/Info.plist;
				LD_RUNPATH_SEARCH_PATHS = "$(inherited) @executable_path/Frameworks @loader_path/Frameworks";
				PRODUCT_BUNDLE_IDENTIFIER = com.cynthia.UdemyIOS9COREDATATests;
				PRODUCT_NAME = "$(TARGET_NAME)";
				TEST_HOST = "$(BUILT_PRODUCTS_DIR)/UdemyIOS9COREDATA.app/UdemyIOS9COREDATA";
			};
			name = Debug;
		};
		3DAEE0431BD0AD1200A427FE /* Release */ = {
			isa = XCBuildConfiguration;
			buildSettings = {
				BUNDLE_LOADER = "$(TEST_HOST)";
				INFOPLIST_FILE = UdemyIOS9COREDATATests/Info.plist;
				LD_RUNPATH_SEARCH_PATHS = "$(inherited) @executable_path/Frameworks @loader_path/Frameworks";
				PRODUCT_BUNDLE_IDENTIFIER = com.cynthia.UdemyIOS9COREDATATests;
				PRODUCT_NAME = "$(TARGET_NAME)";
				TEST_HOST = "$(BUILT_PRODUCTS_DIR)/UdemyIOS9COREDATA.app/UdemyIOS9COREDATA";
			};
			name = Release;
		};
		3DAEE0451BD0AD1200A427FE /* Debug */ = {
			isa = XCBuildConfiguration;
			buildSettings = {
				INFOPLIST_FILE = UdemyIOS9COREDATAUITests/Info.plist;
				LD_RUNPATH_SEARCH_PATHS = "$(inherited) @executable_path/Frameworks @loader_path/Frameworks";
				PRODUCT_BUNDLE_IDENTIFIER = com.cynthia.UdemyIOS9COREDATAUITests;
				PRODUCT_NAME = "$(TARGET_NAME)";
				TEST_TARGET_NAME = UdemyIOS9COREDATA;
				USES_XCTRUNNER = YES;
			};
			name = Debug;
		};
		3DAEE0461BD0AD1200A427FE /* Release */ = {
			isa = XCBuildConfiguration;
			buildSettings = {
				INFOPLIST_FILE = UdemyIOS9COREDATAUITests/Info.plist;
				LD_RUNPATH_SEARCH_PATHS = "$(inherited) @executable_path/Frameworks @loader_path/Frameworks";
				PRODUCT_BUNDLE_IDENTIFIER = com.cynthia.UdemyIOS9COREDATAUITests;
				PRODUCT_NAME = "$(TARGET_NAME)";
				TEST_TARGET_NAME = UdemyIOS9COREDATA;
				USES_XCTRUNNER = YES;
			};
			name = Release;
		};
/* End XCBuildConfiguration section */

/* Begin XCConfigurationList section */
		3DAEE00E1BD0AD0E00A427FE /* Build configuration list for PBXProject "UdemyIOS9COREDATA" */ = {
			isa = XCConfigurationList;
			buildConfigurations = (
				3DAEE03C1BD0AD1200A427FE /* Debug */,
				3DAEE03D1BD0AD1200A427FE /* Release */,
			);
			defaultConfigurationIsVisible = 0;
			defaultConfigurationName = Release;
		};
		3DAEE03E1BD0AD1200A427FE /* Build configuration list for PBXNativeTarget "UdemyIOS9COREDATA" */ = {
			isa = XCConfigurationList;
			buildConfigurations = (
				3DAEE03F1BD0AD1200A427FE /* Debug */,
				3DAEE0401BD0AD1200A427FE /* Release */,
			);
			defaultConfigurationIsVisible = 0;
			defaultConfigurationName = Release;
		};
		3DAEE0411BD0AD1200A427FE /* Build configuration list for PBXNativeTarget "UdemyIOS9COREDATATests" */ = {
			isa = XCConfigurationList;
			buildConfigurations = (
				3DAEE0421BD0AD1200A427FE /* Debug */,
				3DAEE0431BD0AD1200A427FE /* Release */,
			);
			defaultConfigurationIsVisible = 0;
			defaultConfigurationName = Release;
		};
		3DAEE0441BD0AD1200A427FE /* Build configuration list for PBXNativeTarget "UdemyIOS9COREDATAUITests" */ = {
			isa = XCConfigurationList;
			buildConfigurations = (
				3DAEE0451BD0AD1200A427FE /* Debug */,
				3DAEE0461BD0AD1200A427FE /* Release */,
			);
			defaultConfigurationIsVisible = 0;
			defaultConfigurationName = Release;
		};
/* End XCConfigurationList section */

/* Begin XCVersionGroup section */
		3DAEE01D1BD0AD1000A427FE /* UdemyIOS9COREDATA.xcdatamodeld */ = {
			isa = XCVersionGroup;
			children = (
				3DAEE01E1BD0AD1000A427FE /* UdemyIOS9COREDATA.xcdatamodel */,
			);
			currentVersion = 3DAEE01E1BD0AD1000A427FE /* UdemyIOS9COREDATA.xcdatamodel */;
			path = UdemyIOS9COREDATA.xcdatamodeld;
			sourceTree = "<group>";
			versionGroupType = wrapper.xcdatamodel;
		};
/* End XCVersionGroup section */
	};
	rootObject = 3DAEE00B1BD0AD0E00A427FE /* Project object */;
}
